
Microsoft Visual Studio Solution File, Format Version 12.00
# Visual Studio Version 17
VisualStudioVersion = 17.13.35919.96
MinimumVisualStudioVersion = 10.0.40219.1
Project("{FAE04EC0-301F-11D3-BF4B-00C04F79EFBC}") = "monkee-forms", "monkee-forms.csproj", "{47E43EAD-710B-4BA2-B0A1-BA768B16ED4D}"
EndProject
Global
	GlobalSection(SolutionConfigurationPlatforms) = preSolution
		Debug|Any CPU = Debug|Any CPU
		Release|Any CPU = Release|Any CPU
	EndGlobalSection
	GlobalSection(ProjectConfigurationPlatforms) = postSolution
		{47E43EAD-710B-4BA2-B0A1-BA768B16ED4D}.Debug|Any CPU.ActiveCfg = Debug|Any CPU
		{47E43EAD-710B-4BA2-B0A1-BA768B16ED4D}.Debug|Any CPU.Build.0 = Debug|Any CPU
		{47E43EAD-710B-4BA2-B0A1-BA768B16ED4D}.Release|Any CPU.ActiveCfg = Release|Any CPU
		{47E43EAD-710B-4BA2-B0A1-BA768B16ED4D}.Release|Any CPU.Build.0 = Release|Any CPU
	EndGlobalSection
	GlobalSection(SolutionProperties) = preSolution
		HideSolutionNode = FALSE
	EndGlobalSection
	GlobalSection(ExtensibilityGlobals) = postSolution
		SolutionGuid = {183FD9C2-C04F-4BCF-A1E3-DAEABAEB318F}
	EndGlobalSection
EndGlobal
